
Microsoft Visual Studio Solution File, Format Version 12.00
# Visual Studio 15
VisualStudioVersion = 15.0.26124.0
MinimumVisualStudioVersion = 15.0.26124.0
Project("{2150E333-8FDC-42A3-9474-1A3956D46DE8}") = "src", "src", "{3B0C54A7-2646-4CDE-90F1-0995A9E1E59D}"
EndProject
Project("{F2A71F9B-5D33-465A-A702-920D77279786}") = "Audience1", "src\Audience1\Audience1.fsproj", "{C8BFF959-EDF9-4DFB-9658-DFCDA925DC62}"
EndProject
Project("{F2A71F9B-5D33-465A-A702-920D77279786}") = "Audience2", "src\Audience2\Audience2.fsproj", "{E4267A13-58D5-4DD2-895B-BE1F8C8A439A}"
EndProject
Project("{F2A71F9B-5D33-465A-A702-920D77279786}") = "SuaveJwt", "src\SuaveJwt\SuaveJwt.fsproj", "{D17FEF7E-6A26-4811-A29C-F6226F0F2EC3}"
EndProject
Project("{F2A71F9B-5D33-465A-A702-920D77279786}") = "SuaveJwt.AuthServerHost", "src\SuaveJwt.AuthServerHost\SuaveJwt.AuthServerHost.fsproj", "{998C78FA-83DF-4784-8FD3-E08E512351D1}"
EndProject
Global
	GlobalSection(SolutionConfigurationPlatforms) = preSolution
		Debug|Any CPU = Debug|Any CPU
		Debug|x64 = Debug|x64
		Debug|x86 = Debug|x86
		Release|Any CPU = Release|Any CPU
		Release|x64 = Release|x64
		Release|x86 = Release|x86
	EndGlobalSection
	GlobalSection(SolutionProperties) = preSolution
		HideSolutionNode = FALSE
	EndGlobalSection
	GlobalSection(ProjectConfigurationPlatforms) = postSolution
		{C8BFF959-EDF9-4DFB-9658-DFCDA925DC62}.Debug|Any CPU.ActiveCfg = Debug|Any CPU
		{C8BFF959-EDF9-4DFB-9658-DFCDA925DC62}.Debug|Any CPU.Build.0 = Debug|Any CPU
		{C8BFF959-EDF9-4DFB-9658-DFCDA925DC62}.Debug|x64.ActiveCfg = Debug|x64
		{C8BFF959-EDF9-4DFB-9658-DFCDA925DC62}.Debug|x64.Build.0 = Debug|x64
		{C8BFF959-EDF9-4DFB-9658-DFCDA925DC62}.Debug|x86.ActiveCfg = Debug|x86
		{C8BFF959-EDF9-4DFB-9658-DFCDA925DC62}.Debug|x86.Build.0 = Debug|x86
		{C8BFF959-EDF9-4DFB-9658-DFCDA925DC62}.Release|Any CPU.ActiveCfg = Release|Any CPU
		{C8BFF959-EDF9-4DFB-9658-DFCDA925DC62}.Release|Any CPU.Build.0 = Release|Any CPU
		{C8BFF959-EDF9-4DFB-9658-DFCDA925DC62}.Release|x64.ActiveCfg = Release|x64
		{C8BFF959-EDF9-4DFB-9658-DFCDA925DC62}.Release|x64.Build.0 = Release|x64
		{C8BFF959-EDF9-4DFB-9658-DFCDA925DC62}.Release|x86.ActiveCfg = Release|x86
		{C8BFF959-EDF9-4DFB-9658-DFCDA925DC62}.Release|x86.Build.0 = Release|x86
		{E4267A13-58D5-4DD2-895B-BE1F8C8A439A}.Debug|Any CPU.ActiveCfg = Debug|Any CPU
		{E4267A13-58D5-4DD2-895B-BE1F8C8A439A}.Debug|Any CPU.Build.0 = Debug|Any CPU
		{E4267A13-58D5-4DD2-895B-BE1F8C8A439A}.Debug|x64.ActiveCfg = Debug|x64
		{E4267A13-58D5-4DD2-895B-BE1F8C8A439A}.Debug|x64.Build.0 = Debug|x64
		{E4267A13-58D5-4DD2-895B-BE1F8C8A439A}.Debug|x86.ActiveCfg = Debug|x86
		{E4267A13-58D5-4DD2-895B-BE1F8C8A439A}.Debug|x86.Build.0 = Debug|x86
		{E4267A13-58D5-4DD2-895B-BE1F8C8A439A}.Release|Any CPU.ActiveCfg = Release|Any CPU
		{E4267A13-58D5-4DD2-895B-BE1F8C8A439A}.Release|Any CPU.Build.0 = Release|Any CPU
		{E4267A13-58D5-4DD2-895B-BE1F8C8A439A}.Release|x64.ActiveCfg = Release|x64
		{E4267A13-58D5-4DD2-895B-BE1F8C8A439A}.Release|x64.Build.0 = Release|x64
		{E4267A13-58D5-4DD2-895B-BE1F8C8A439A}.Release|x86.ActiveCfg = Release|x86
		{E4267A13-58D5-4DD2-895B-BE1F8C8A439A}.Release|x86.Build.0 = Release|x86
		{D17FEF7E-6A26-4811-A29C-F6226F0F2EC3}.Debug|Any CPU.ActiveCfg = Debug|Any CPU
		{D17FEF7E-6A26-4811-A29C-F6226F0F2EC3}.Debug|Any CPU.Build.0 = Debug|Any CPU
		{D17FEF7E-6A26-4811-A29C-F6226F0F2EC3}.Debug|x64.ActiveCfg = Debug|x64
		{D17FEF7E-6A26-4811-A29C-F6226F0F2EC3}.Debug|x64.Build.0 = Debug|x64
		{D17FEF7E-6A26-4811-A29C-F6226F0F2EC3}.Debug|x86.ActiveCfg = Debug|x86
		{D17FEF7E-6A26-4811-A29C-F6226F0F2EC3}.Debug|x86.Build.0 = Debug|x86
		{D17FEF7E-6A26-4811-A29C-F6226F0F2EC3}.Release|Any CPU.ActiveCfg = Release|Any CPU
		{D17FEF7E-6A26-4811-A29C-F6226F0F2EC3}.Release|Any CPU.Build.0 = Release|Any CPU
		{D17FEF7E-6A26-4811-A29C-F6226F0F2EC3}.Release|x64.ActiveCfg = Release|x64
		{D17FEF7E-6A26-4811-A29C-F6226F0F2EC3}.Release|x64.Build.0 = Release|x64
		{D17FEF7E-6A26-4811-A29C-F6226F0F2EC3}.Release|x86.ActiveCfg = Release|x86
		{D17FEF7E-6A26-4811-A29C-F6226F0F2EC3}.Release|x86.Build.0 = Release|x86
		{998C78FA-83DF-4784-8FD3-E08E512351D1}.Debug|Any CPU.ActiveCfg = Debug|Any CPU
		{998C78FA-83DF-4784-8FD3-E08E512351D1}.Debug|Any CPU.Build.0 = Debug|Any CPU
		{998C78FA-83DF-4784-8FD3-E08E512351D1}.Debug|x64.ActiveCfg = Debug|x64
		{998C78FA-83DF-4784-8FD3-E08E512351D1}.Debug|x64.Build.0 = Debug|x64
		{998C78FA-83DF-4784-8FD3-E08E512351D1}.Debug|x86.ActiveCfg = Debug|x86
		{998C78FA-83DF-4784-8FD3-E08E512351D1}.Debug|x86.Build.0 = Debug|x86
		{998C78FA-83DF-4784-8FD3-E08E512351D1}.Release|Any CPU.ActiveCfg = Release|Any CPU
		{998C78FA-83DF-4784-8FD3-E08E512351D1}.Release|Any CPU.Build.0 = Release|Any CPU
		{998C78FA-83DF-4784-8FD3-E08E512351D1}.Release|x64.ActiveCfg = Release|x64
		{998C78FA-83DF-4784-8FD3-E08E512351D1}.Release|x64.Build.0 = Release|x64
		{998C78FA-83DF-4784-8FD3-E08E512351D1}.Release|x86.ActiveCfg = Release|x86
		{998C78FA-83DF-4784-8FD3-E08E512351D1}.Release|x86.Build.0 = Release|x86
	EndGlobalSection
	GlobalSection(NestedProjects) = preSolution
		{C8BFF959-EDF9-4DFB-9658-DFCDA925DC62} = {3B0C54A7-2646-4CDE-90F1-0995A9E1E59D}
		{E4267A13-58D5-4DD2-895B-BE1F8C8A439A} = {3B0C54A7-2646-4CDE-90F1-0995A9E1E59D}
		{D17FEF7E-6A26-4811-A29C-F6226F0F2EC3} = {3B0C54A7-2646-4CDE-90F1-0995A9E1E59D}
		{998C78FA-83DF-4784-8FD3-E08E512351D1} = {3B0C54A7-2646-4CDE-90F1-0995A9E1E59D}
	EndGlobalSection
EndGlobal
